// !$*UTF8*$!
{
	archiveVersion = 1;
	classes = {
	};
	objectVersion = 50;
	objects = {

/* Begin PBXBuildFile section */
		6B7BDD852437400C00BDE452 /* AppDelegate.swift in Sources */ = {isa = PBXBuildFile; fileRef = 6B7BDD842437400C00BDE452 /* AppDelegate.swift */; };
		6B7BDD872437400C00BDE452 /* SceneDelegate.swift in Sources */ = {isa = PBXBuildFile; fileRef = 6B7BDD862437400C00BDE452 /* SceneDelegate.swift */; };
		6B7BDD892437400C00BDE452 /* ViewController.swift in Sources */ = {isa = PBXBuildFile; fileRef = 6B7BDD882437400C00BDE452 /* ViewController.swift */; };
		6B7BDD8C2437400C00BDE452 /* Main.storyboard in Resources */ = {isa = PBXBuildFile; fileRef = 6B7BDD8A2437400C00BDE452 /* Main.storyboard */; };
		6B7BDD912437400E00BDE452 /* LaunchScreen.storyboard in Resources */ = {isa = PBXBuildFile; fileRef = 6B7BDD8F2437400E00BDE452 /* LaunchScreen.storyboard */; };
		6B7BDD992437456200BDE452 /* Assets.xcassets in Resources */ = {isa = PBXBuildFile; fileRef = 6B7BDD982437456200BDE452 /* Assets.xcassets */; };
		6B7BDD9E24376AF200BDE452 /* Question.swift in Sources */ = {isa = PBXBuildFile; fileRef = 6B7BDD9D24376AF200BDE452 /* Question.swift */; };
		6B7BDDA024376B0B00BDE452 /* QuestionBrain.swift in Sources */ = {isa = PBXBuildFile; fileRef = 6B7BDD9F24376B0B00BDE452 /* QuestionBrain.swift */; };
/* End PBXBuildFile section */

/* Begin PBXFileReference section */
		6B7BDD812437400C00BDE452 /* GirlType.app */ = {isa = PBXFileReference; explicitFileType = wrapper.application; includeInIndex = 0; path = GirlType.app; sourceTree = BUILT_PRODUCTS_DIR; };
		6B7BDD842437400C00BDE452 /* AppDelegate.swift */ = {isa = PBXFileReference; lastKnownFileType = sourcecode.swift; path = AppDelegate.swift; sourceTree = "<group>"; };
		6B7BDD862437400C00BDE452 /* SceneDelegate.swift */ = {isa = PBXFileReference; lastKnownFileType = sourcecode.swift; path = SceneDelegate.swift; sourceTree = "<group>"; };
		6B7BDD882437400C00BDE452 /* ViewController.swift */ = {isa = PBXFileReference; lastKnownFileType = sourcecode.swift; path = ViewController.swift; sourceTree = "<group>"; };
		6B7BDD8B2437400C00BDE452 /* Base */ = {isa = PBXFileReference; lastKnownFileType = file.storyboard; name = Base; path = Base.lproj/Main.storyboard; sourceTree = "<group>"; };
		6B7BDD902437400E00BDE452 /* Base */ = {isa = PBXFileReference; lastKnownFileType = file.storyboard; name = Base; path = Base.lproj/LaunchScreen.storyboard; sourceTree = "<group>"; };
		6B7BDD922437400E00BDE452 /* Info.plist */ = {isa = PBXFileReference; lastKnownFileType = text.plist.xml; path = Info.plist; sourceTree = "<group>"; };
		6B7BDD982437456200BDE452 /* Assets.xcassets */ = {isa = PBXFileReference; lastKnownFileType = folder.assetcatalog; name = Assets.xcassets; path = "AppIcons (1)/Assets.xcassets"; sourceTree = SOURCE_ROOT; };
		6B7BDD9D24376AF200BDE452 /* Question.swift */ = {isa = PBXFileReference; lastKnownFileType = sourcecode.swift; path = Question.swift; sourceTree = "<group>"; };
		6B7BDD9F24376B0B00BDE452 /* QuestionBrain.swift */ = {isa = PBXFileReference; lastKnownFileType = sourcecode.swift; path = QuestionBrain.swift; sourceTree = "<group>"; };
/* End PBXFileReference section */

/* Begin PBXFrameworksBuildPhase section */
		6B7BDD7E2437400C00BDE452 /* Frameworks */ = {
			isa = PBXFrameworksBuildPhase;
			buildActionMask = 2147483647;
			files = (
			);
			runOnlyForDeploymentPostprocessing = 0;
		};
/* End PBXFrameworksBuildPhase section */

/* Begin PBXGroup section */
		6B7BDD782437400C00BDE452 = {
			isa = PBXGroup;
			children = (
				6B7BDD832437400C00BDE452 /* MyTestApp */,
				6B7BDD822437400C00BDE452 /* Products */,
			);
			sourceTree = "<group>";
		};
		6B7BDD822437400C00BDE452 /* Products */ = {
			isa = PBXGroup;
			children = (
				6B7BDD812437400C00BDE452 /* GirlType.app */,
			);
			name = Products;
			sourceTree = "<group>";
		};
		6B7BDD832437400C00BDE452 /* MyTestApp */ = {
			isa = PBXGroup;
			children = (
				6B7BDD842437400C00BDE452 /* AppDelegate.swift */,
				6B7BDD862437400C00BDE452 /* SceneDelegate.swift */,
				6B7BDD9A24376AB000BDE452 /* Model */,
				6B7BDD9B24376AB700BDE452 /* View */,
				6B7BDD9C24376ABF00BDE452 /* Controller */,
				6B7BDD982437456200BDE452 /* Assets.xcassets */,
				6B7BDD8F2437400E00BDE452 /* LaunchScreen.storyboard */,
				6B7BDD922437400E00BDE452 /* Info.plist */,
			);
			path = MyTestApp;
			sourceTree = "<group>";
		};
		6B7BDD9A24376AB000BDE452 /* Model */ = {
			isa = PBXGroup;
			children = (
				6B7BDD9D24376AF200BDE452 /* Question.swift */,
				6B7BDD9F24376B0B00BDE452 /* QuestionBrain.swift */,
			);
			path = Model;
			sourceTree = "<group>";
		};
		6B7BDD9B24376AB700BDE452 /* View */ = {
			isa = PBXGroup;
			children = (
				6B7BDD8A2437400C00BDE452 /* Main.storyboard */,
			);
			path = View;
			sourceTree = "<group>";
		};
		6B7BDD9C24376ABF00BDE452 /* Controller */ = {
			isa = PBXGroup;
			children = (
				6B7BDD882437400C00BDE452 /* ViewController.swift */,
			);
			path = Controller;
			sourceTree = "<group>";
		};
/* End PBXGroup section */

/* Begin PBXNativeTarget section */
		6B7BDD802437400C00BDE452 /* MyTestApp */ = {
			isa = PBXNativeTarget;
			buildConfigurationList = 6B7BDD952437400E00BDE452 /* Build configuration list for PBXNativeTarget "MyTestApp" */;
			buildPhases = (
				6B7BDD7D2437400C00BDE452 /* Sources */,
				6B7BDD7E2437400C00BDE452 /* Frameworks */,
				6B7BDD7F2437400C00BDE452 /* Resources */,
			);
			buildRules = (
			);
			dependencies = (
			);
			name = MyTestApp;
			productName = MyTestApp;
			productReference = 6B7BDD812437400C00BDE452 /* GirlType.app */;
			productType = "com.apple.product-type.application";
		};
/* End PBXNativeTarget section */

/* Begin PBXProject section */
		6B7BDD792437400C00BDE452 /* Project object */ = {
			isa = PBXProject;
			attributes = {
				LastSwiftUpdateCheck = 1140;
				LastUpgradeCheck = 1140;
				ORGANIZATIONNAME = "Sandra Kocic";
				TargetAttributes = {
					6B7BDD802437400C00BDE452 = {
						CreatedOnToolsVersion = 11.4;
					};
				};
			};
			buildConfigurationList = 6B7BDD7C2437400C00BDE452 /* Build configuration list for PBXProject "MyTestApp" */;
			compatibilityVersion = "Xcode 9.3";
			developmentRegion = en;
			hasScannedForEncodings = 0;
			knownRegions = (
				en,
				Base,
			);
			mainGroup = 6B7BDD782437400C00BDE452;
			productRefGroup = 6B7BDD822437400C00BDE452 /* Products */;
			projectDirPath = "";
			projectRoot = "";
			targets = (
				6B7BDD802437400C00BDE452 /* MyTestApp */,
			);
		};
/* End PBXProject section */

/* Begin PBXResourcesBuildPhase section */
		6B7BDD7F2437400C00BDE452 /* Resources */ = {
			isa = PBXResourcesBuildPhase;
			buildActionMask = 2147483647;
			files = (
				6B7BDD912437400E00BDE452 /* LaunchScreen.storyboard in Resources */,
				6B7BDD992437456200BDE452 /* Assets.xcassets in Resources */,
				6B7BDD8C2437400C00BDE452 /* Main.storyboard in Resources */,
			);
			runOnlyForDeploymentPostprocessing = 0;
		};
/* End PBXResourcesBuildPhase section */

/* Begin PBXSourcesBuildPhase section */
		6B7BDD7D2437400C00BDE452 /* Sources */ = {
			isa = PBXSourcesBuildPhase;
			buildActionMask = 2147483647;
			files = (
				6B7BDD892437400C00BDE452 /* ViewController.swift in Sources */,
				6B7BDD9E24376AF200BDE452 /* Question.swift in Sources */,
				6B7BDD852437400C00BDE452 /* AppDelegate.swift in Sources */,
				6B7BDDA024376B0B00BDE452 /* QuestionBrain.swift in Sources */,
				6B7BDD872437400C00BDE452 /* SceneDelegate.swift in Sources */,
			);
			runOnlyForDeploymentPostprocessing = 0;
		};
/* End PBXSourcesBuildPhase section */

/* Begin PBXVariantGroup section */
		6B7BDD8A2437400C00BDE452 /* Main.storyboard */ = {
			isa = PBXVariantGroup;
			children = (
				6B7BDD8B2437400C00BDE452 /* Base */,
			);
			name = Main.storyboard;
			sourceTree = "<group>";
		};
		6B7BDD8F2437400E00BDE452 /* LaunchScreen.storyboard */ = {
			isa = PBXVariantGroup;
			children = (
				6B7BDD902437400E00BDE452 /* Base */,
			);
			name = LaunchScreen.storyboard;
			sourceTree = "<group>";
		};
/* End PBXVariantGroup section */

/* Begin XCBuildConfiguration section */
		6B7BDD932437400E00BDE452 /* Debug */ = {
			isa = XCBuildConfiguration;
			buildSettings = {
				ALWAYS_SEARCH_USER_PATHS = NO;
				CLANG_ANALYZER_NONNULL = YES;
				CLANG_ANALYZER_NUMBER_OBJECT_CONVERSION = YES_AGGRESSIVE;
				CLANG_CXX_LANGUAGE_STANDARD = "gnu++14";
				CLANG_CXX_LIBRARY = "libc++";
				CLANG_ENABLE_MODULES = YES;
				CLANG_ENABLE_OBJC_ARC = YES;
				CLANG_ENABLE_OBJC_WEAK = YES;
				CLANG_WARN_BLOCK_CAPTURE_AUTORELEASING = YES;
				CLANG_WARN_BOOL_CONVERSION = YES;
				CLANG_WARN_COMMA = YES;
				CLANG_WARN_CONSTANT_CONVERSION = YES;
				CLANG_WARN_DEPRECATED_OBJC_IMPLEMENTATIONS = YES;
				CLANG_WARN_DIRECT_OBJC_ISA_USAGE = YES_ERROR;
				CLANG_WARN_DOCUMENTATION_COMMENTS = YES;
				CLANG_WARN_EMPTY_BODY = YES;
				CLANG_WARN_ENUM_CONVERSION = YES;
				CLANG_WARN_INFINITE_RECURSION = YES;
				CLANG_WARN_INT_CONVERSION = YES;
				CLANG_WARN_NON_LITERAL_NULL_CONVERSION = YES;
				CLANG_WARN_OBJC_IMPLICIT_RETAIN_SELF = YES;
				CLANG_WARN_OBJC_LITERAL_CONVERSION = YES;
				CLANG_WARN_OBJC_ROOT_CLASS = YES_ERROR;
				CLANG_WARN_RANGE_LOOP_ANALYSIS = YES;
				CLANG_WARN_STRICT_PROTOTYPES = YES;
				CLANG_WARN_SUSPICIOUS_MOVE = YES;
				CLANG_WARN_UNGUARDED_AVAILABILITY = YES_AGGRESSIVE;
				CLANG_WARN_UNREACHABLE_CODE = YES;
				CLANG_WARN__DUPLICATE_METHOD_MATCH = YES;
				COPY_PHASE_STRIP = NO;
				DEBUG_INFORMATION_FORMAT = dwarf;
				ENABLE_STRICT_OBJC_MSGSEND = YES;
				ENABLE_TESTABILITY = YES;
				GCC_C_LANGUAGE_STANDARD = gnu11;
				GCC_DYNAMIC_NO_PIC = NO;
				GCC_NO_COMMON_BLOCKS = YES;
				GCC_OPTIMIZATION_LEVEL = 0;
				GCC_PREPROCESSOR_DEFINITIONS = (
					"DEBUG=1",
					"$(inherited)",
				);
				GCC_WARN_64_TO_32_BIT_CONVERSION = YES;
				GCC_WARN_ABOUT_RETURN_TYPE = YES_ERROR;
				GCC_WARN_UNDECLARED_SELECTOR = YES;
				GCC_WARN_UNINITIALIZED_AUTOS = YES_AGGRESSIVE;
				GCC_WARN_UNUSED_FUNCTION = YES;
				GCC_WARN_UNUSED_VARIABLE = YES;
				IPHONEOS_DEPLOYMENT_TARGET = 13.4;
				MTL_ENABLE_DEBUG_INFO = INCLUDE_SOURCE;
				MTL_FAST_MATH = YES;
				ONLY_ACTIVE_ARCH = YES;
				SDKROOT = iphoneos;
				SWIFT_ACTIVE_COMPILATION_CONDITIONS = DEBUG;
				SWIFT_OPTIMIZATION_LEVEL = "-Onone";
			};
			name = Debug;
		};
		6B7BDD942437400E00BDE452 /* Release */ = {
			isa = XCBuildConfiguration;
			buildSettings = {
				ALWAYS_SEARCH_USER_PATHS = NO;
				CLANG_ANALYZER_NONNULL = YES;
				CLANG_ANALYZER_NUMBER_OBJECT_CONVERSION = YES_AGGRESSIVE;
				CLANG_CXX_LANGUAGE_STANDARD = "gnu++14";
				CLANG_CXX_LIBRARY = "libc++";
				CLANG_ENABLE_MODULES = YES;
				CLANG_ENABLE_OBJC_ARC = YES;
				CLANG_ENABLE_OBJC_WEAK = YES;
				CLANG_WARN_BLOCK_CAPTURE_AUTORELEASING = YES;
				CLANG_WARN_BOOL_CONVERSION = YES;
				CLANG_WARN_COMMA = YES;
				CLANG_WARN_CONSTANT_CONVERSION = YES;
				CLANG_WARN_DEPRECATED_OBJC_IMPLEMENTATIONS = YES;
				CLANG_WARN_DIRECT_OBJC_ISA_USAGE = YES_ERROR;
				CLANG_WARN_DOCUMENTATION_COMMENTS = YES;
				CLANG_WARN_EMPTY_BODY = YES;
				CLANG_WARN_ENUM_CONVERSION = YES;
				CLANG_WARN_INFINITE_RECURSION = YES;
				CLANG_WARN_INT_CONVERSION = YES;
				CLANG_WARN_NON_LITERAL_NULL_CONVERSION = YES;
				CLANG_WARN_OBJC_IMPLICIT_RETAIN_SELF = YES;
				CLANG_WARN_OBJC_LITERAL_CONVERSION = YES;
				CLANG_WARN_OBJC_ROOT_CLASS = YES_ERROR;
				CLANG_WARN_RANGE_LOOP_ANALYSIS = YES;
				CLANG_WARN_STRICT_PROTOTYPES = YES;
				CLANG_WARN_SUSPICIOUS_MOVE = YES;
				CLANG_WARN_UNGUARDED_AVAILABILITY = YES_AGGRESSIVE;
				CLANG_WARN_UNREACHABLE_CODE = YES;
				CLANG_WARN__DUPLICATE_METHOD_MATCH = YES;
				COPY_PHASE_STRIP = NO;
				DEBUG_INFORMATION_FORMAT = "dwarf-with-dsym";
				ENABLE_NS_ASSERTIONS = NO;
				ENABLE_STRICT_OBJC_MSGSEND = YES;
				GCC_C_LANGUAGE_STANDARD = gnu11;
				GCC_NO_COMMON_BLOCKS = YES;
				GCC_WARN_64_TO_32_BIT_CONVERSION = YES;
				GCC_WARN_ABOUT_RETURN_TYPE = YES_ERROR;
				GCC_WARN_UNDECLARED_SELECTOR = YES;
				GCC_WARN_UNINITIALIZED_AUTOS = YES_AGGRESSIVE;
				GCC_WARN_UNUSED_FUNCTION = YES;
				GCC_WARN_UNUSED_VARIABLE = YES;
				IPHONEOS_DEPLOYMENT_TARGET = 13.4;
				MTL_ENABLE_DEBUG_INFO = NO;
				MTL_FAST_MATH = YES;
				SDKROOT = iphoneos;
				SWIFT_COMPILATION_MODE = wholemodule;
				SWIFT_OPTIMIZATION_LEVEL = "-O";
				VALIDATE_PRODUCT = YES;
			};
			name = Release;
		};
		6B7BDD962437400E00BDE452 /* Debug */ = {
			isa = XCBuildConfiguration;
			buildSettings = {
				ASSETCATALOG_COMPILER_APPICON_NAME = AppIcon;
				CODE_SIGN_STYLE = Automatic;
				DEVELOPMENT_TEAM = C9384KZH67;
				INFOPLIST_FILE = MyTestApp/Info.plist;
				LD_RUNPATH_SEARCH_PATHS = (
					"$(inherited)",
					"@executable_path/Frameworks",
				);
				PRODUCT_BUNDLE_IDENTIFIER = com.sandrakocic.MyTestApp;
				PRODUCT_NAME = GirlType;
				SWIFT_VERSION = 5.0;
				TARGETED_DEVICE_FAMILY = "1,2";
			};
			name = Debug;
		};
		6B7BDD972437400E00BDE452 /* Release */ = {
			isa = XCBuildConfiguration;
			buildSettings = {
				ASSETCATALOG_COMPILER_APPICON_NAME = AppIcon;
				CODE_SIGN_STYLE = Automatic;
				DEVELOPMENT_TEAM = C9384KZH67;
				INFOPLIST_FILE = MyTestApp/Info.plist;
				LD_RUNPATH_SEARCH_PATHS = (
					"$(inherited)",
					"@executable_path/Frameworks",
				);
				PRODUCT_BUNDLE_IDENTIFIER = com.sandrakocic.MyTestApp;
				PRODUCT_NAME = GirlType;
				SWIFT_VERSION = 5.0;
				TARGETED_DEVICE_FAMILY = "1,2";
			};
			name = Release;
		};
/* End XCBuildConfiguration section */

/* Begin XCConfigurationList section */
		6B7BDD7C2437400C00BDE452 /* Build configuration list for PBXProject "MyTestApp" */ = {
			isa = XCConfigurationList;
			buildConfigurations = (
				6B7BDD932437400E00BDE452 /* Debug */,
				6B7BDD942437400E00BDE452 /* Release */,
			);
			defaultConfigurationIsVisible = 0;
			defaultConfigurationName = Release;
		};
		6B7BDD952437400E00BDE452 /* Build configuration list for PBXNativeTarget "MyTestApp" */ = {
			isa = XCConfigurationList;
			buildConfigurations = (
				6B7BDD962437400E00BDE452 /* Debug */,
				6B7BDD972437400E00BDE452 /* Release */,
			);
			defaultConfigurationIsVisible = 0;
			defaultConfigurationName = Release;
		};
/* End XCConfigurationList section */
	};
	rootObject = 6B7BDD792437400C00BDE452 /* Project object */;
}
